
Microsoft Visual Studio Solution File, Format Version 12.00
# Visual Studio 2012
Project("{FAE04EC0-301F-11D3-BF4B-00C04F79EFBC}") = "TypeScriptApp", "TypeScriptApp\TypeScriptApp.csproj", "{E4323F2A-B1DF-4ABD-B49E-E78E453E1F4A}"
EndProject
Global
	GlobalSection(SolutionConfigurationPlatforms) = preSolution
		Debug|Any CPU = Debug|Any CPU
		Release|Any CPU = Release|Any CPU
	EndGlobalSection
	GlobalSection(ProjectConfigurationPlatforms) = postSolution
		{E4323F2A-B1DF-4ABD-B49E-E78E453E1F4A}.Debug|Any CPU.ActiveCfg = Debug|Any CPU
		{E4323F2A-B1DF-4ABD-B49E-E78E453E1F4A}.Debug|Any CPU.Build.0 = Debug|Any CPU
		{E4323F2A-B1DF-4ABD-B49E-E78E453E1F4A}.Release|Any CPU.ActiveCfg = Release|Any CPU
		{E4323F2A-B1DF-4ABD-B49E-E78E453E1F4A}.Release|Any CPU.Build.0 = Release|Any CPU
	EndGlobalSection
	GlobalSection(SolutionProperties) = preSolution
		HideSolutionNode = FALSE
	EndGlobalSection
EndGlobal
